
Microsoft Visual Studio Solution File, Format Version 12.00
# Visual Studio Version 16
VisualStudioVersion = 16.0.31424.327
MinimumVisualStudioVersion = 10.0.40219.1
Project("{9A19103F-16F7-4668-BE54-9A1E7A4F7556}") = "Week7.EquazioniGrado2.Test", "Week7.EquazioniGrado2.Test\Week7.EquazioniGrado2.Test.csproj", "{7BE78D4C-F055-45F0-9BCE-F81AC1081E7F}"
EndProject
Project("{9A19103F-16F7-4668-BE54-9A1E7A4F7556}") = "Week7.EquazioniGrado2.Core", "Week7.EquazioniGrado2.Core\Week7.EquazioniGrado2.Core.csproj", "{D5F0C8ED-79CA-4DEA-BC5D-86DF75D0FD36}"
EndProject
Project("{FAE04EC0-301F-11D3-BF4B-00C04F79EFBC}") = "Week7.EquazioniGrado2", "Week7.EquazioniGrado2\Week7.EquazioniGrado2.csproj", "{7939A0F3-F88F-4925-ABDA-90E6873E80A4}"
EndProject
Project("{FAE04EC0-301F-11D3-BF4B-00C04F79EFBC}") = "Week7.EquazioniGrado2.WinForms", "Week7.EquazioniGrado2.WinForms\Week7.EquazioniGrado2.WinForms.csproj", "{12B0E698-F617-4B92-A237-8D305F3DD76B}"
EndProject
Global
	GlobalSection(SolutionConfigurationPlatforms) = preSolution
		Debug|Any CPU = Debug|Any CPU
		Release|Any CPU = Release|Any CPU
	EndGlobalSection
	GlobalSection(ProjectConfigurationPlatforms) = postSolution
		{7BE78D4C-F055-45F0-9BCE-F81AC1081E7F}.Debug|Any CPU.ActiveCfg = Debug|Any CPU
		{7BE78D4C-F055-45F0-9BCE-F81AC1081E7F}.Debug|Any CPU.Build.0 = Debug|Any CPU
		{7BE78D4C-F055-45F0-9BCE-F81AC1081E7F}.Release|Any CPU.ActiveCfg = Release|Any CPU
		{7BE78D4C-F055-45F0-9BCE-F81AC1081E7F}.Release|Any CPU.Build.0 = Release|Any CPU
		{D5F0C8ED-79CA-4DEA-BC5D-86DF75D0FD36}.Debug|Any CPU.ActiveCfg = Debug|Any CPU
		{D5F0C8ED-79CA-4DEA-BC5D-86DF75D0FD36}.Debug|Any CPU.Build.0 = Debug|Any CPU
		{D5F0C8ED-79CA-4DEA-BC5D-86DF75D0FD36}.Release|Any CPU.ActiveCfg = Release|Any CPU
		{D5F0C8ED-79CA-4DEA-BC5D-86DF75D0FD36}.Release|Any CPU.Build.0 = Release|Any CPU
		{7939A0F3-F88F-4925-ABDA-90E6873E80A4}.Debug|Any CPU.ActiveCfg = Debug|Any CPU
		{7939A0F3-F88F-4925-ABDA-90E6873E80A4}.Debug|Any CPU.Build.0 = Debug|Any CPU
		{7939A0F3-F88F-4925-ABDA-90E6873E80A4}.Release|Any CPU.ActiveCfg = Release|Any CPU
		{7939A0F3-F88F-4925-ABDA-90E6873E80A4}.Release|Any CPU.Build.0 = Release|Any CPU
		{12B0E698-F617-4B92-A237-8D305F3DD76B}.Debug|Any CPU.ActiveCfg = Debug|Any CPU
		{12B0E698-F617-4B92-A237-8D305F3DD76B}.Debug|Any CPU.Build.0 = Debug|Any CPU
		{12B0E698-F617-4B92-A237-8D305F3DD76B}.Release|Any CPU.ActiveCfg = Release|Any CPU
		{12B0E698-F617-4B92-A237-8D305F3DD76B}.Release|Any CPU.Build.0 = Release|Any CPU
	EndGlobalSection
	GlobalSection(SolutionProperties) = preSolution
		HideSolutionNode = FALSE
	EndGlobalSection
	GlobalSection(ExtensibilityGlobals) = postSolution
		SolutionGuid = {6CEC17FD-28C9-4106-9BF9-CCECC1284E9E}
	EndGlobalSection
EndGlobal
